Microsoft Visual Studio Solution File, Format Version 12.00
# Visual Studio Version 17
VisualStudioVersion = 17.5.2.0
MinimumVisualStudioVersion = 10.0.40219.1
Project("{FAE04EC0-301F-11D3-BF4B-00C04F79EFBC}") = "Sistema-Hospedagem", "Sistema-Hospedagem.csproj", "{9F8B1A9E-9B7E-3741-227B-4F2756F49D16}"
EndProject
Global
	GlobalSection(SolutionConfigurationPlatforms) = preSolution
		Debug|Any CPU = Debug|Any CPU
		Release|Any CPU = Release|Any CPU
	EndGlobalSection
	GlobalSection(ProjectConfigurationPlatforms) = postSolution
		{9F8B1A9E-9B7E-3741-227B-4F2756F49D16}.Debug|Any CPU.ActiveCfg = Debug|Any CPU
		{9F8B1A9E-9B7E-3741-227B-4F2756F49D16}.Debug|Any CPU.Build.0 = Debug|Any CPU
		{9F8B1A9E-9B7E-3741-227B-4F2756F49D16}.Release|Any CPU.ActiveCfg = Release|Any CPU
		{9F8B1A9E-9B7E-3741-227B-4F2756F49D16}.Release|Any CPU.Build.0 = Release|Any CPU
	EndGlobalSection
	GlobalSection(SolutionProperties) = preSolution
		HideSolutionNode = FALSE
	EndGlobalSection
	GlobalSection(ExtensibilityGlobals) = postSolution
		SolutionGuid = {B4EF69D5-0CA5-4494-BC14-9DC60F47309E}
	EndGlobalSection
EndGlobal
